
Microsoft Visual Studio Solution File, Format Version 12.00
# Visual Studio Version 17
VisualStudioVersion = 17.7.34031.279
MinimumVisualStudioVersion = 10.0.40219.1
Project("{8BC9CEB8-8B4A-11D0-8D11-00A0C91BC942}") = "Offset dumperr", "Offset dumperr\Offset dumperr.vcxproj", "{23067970-1404-45BF-9939-9260DE240795}"
EndProject
Global
	GlobalSection(SolutionConfigurationPlatforms) = preSolution
		Debug|x64 = Debug|x64
		Debug|x86 = Debug|x86
		Release|x64 = Release|x64
		Release|x86 = Release|x86
	EndGlobalSection
	GlobalSection(ProjectConfigurationPlatforms) = postSolution
		{23067970-1404-45BF-9939-9260DE240795}.Debug|x64.ActiveCfg = Debug|x64
		{23067970-1404-45BF-9939-9260DE240795}.Debug|x64.Build.0 = Debug|x64
		{23067970-1404-45BF-9939-9260DE240795}.Debug|x86.ActiveCfg = Debug|Win32
		{23067970-1404-45BF-9939-9260DE240795}.Debug|x86.Build.0 = Debug|Win32
		{23067970-1404-45BF-9939-9260DE240795}.Release|x64.ActiveCfg = Release|x64
		{23067970-1404-45BF-9939-9260DE240795}.Release|x64.Build.0 = Release|x64
		{23067970-1404-45BF-9939-9260DE240795}.Release|x86.ActiveCfg = Release|Win32
		{23067970-1404-45BF-9939-9260DE240795}.Release|x86.Build.0 = Release|Win32
	EndGlobalSection
	GlobalSection(SolutionProperties) = preSolution
		HideSolutionNode = FALSE
	EndGlobalSection
	GlobalSection(ExtensibilityGlobals) = postSolution
		SolutionGuid = {A100957E-00A6-4C63-8335-C961C096B725}
	EndGlobalSection
EndGlobal
